
Microsoft Visual Studio Solution File, Format Version 12.00
# Visual Studio 15
VisualStudioVersion = 15.0.28010.2048
MinimumVisualStudioVersion = 10.0.40219.1
Project("{8BC9CEB8-8B4A-11D0-8D11-00A0C91BC942}") = "Nimo", "Nimo\Nimo.vcxproj", "{4C7B690B-D847-4240-A6C0-16838B57C1C1}"
EndProject
Global
	GlobalSection(SolutionConfigurationPlatforms) = preSolution
		Debug|x64 = Debug|x64
		Debug|x86 = Debug|x86
		Release|x64 = Release|x64
		Release|x86 = Release|x86
	EndGlobalSection
	GlobalSection(ProjectConfigurationPlatforms) = postSolution
		{4C7B690B-D847-4240-A6C0-16838B57C1C1}.Debug|x64.ActiveCfg = Debug|x64
		{4C7B690B-D847-4240-A6C0-16838B57C1C1}.Debug|x64.Build.0 = Debug|x64
		{4C7B690B-D847-4240-A6C0-16838B57C1C1}.Debug|x86.ActiveCfg = Debug|Win32
		{4C7B690B-D847-4240-A6C0-16838B57C1C1}.Debug|x86.Build.0 = Debug|Win32
		{4C7B690B-D847-4240-A6C0-16838B57C1C1}.Release|x64.ActiveCfg = Release|x64
		{4C7B690B-D847-4240-A6C0-16838B57C1C1}.Release|x64.Build.0 = Release|x64
		{4C7B690B-D847-4240-A6C0-16838B57C1C1}.Release|x86.ActiveCfg = Release|Win32
		{4C7B690B-D847-4240-A6C0-16838B57C1C1}.Release|x86.Build.0 = Release|Win32
	EndGlobalSection
	GlobalSection(SolutionProperties) = preSolution
		HideSolutionNode = FALSE
	EndGlobalSection
	GlobalSection(ExtensibilityGlobals) = postSolution
		SolutionGuid = {23B7DD81-16F9-42B8-B7A2-EA7A44040B65}
	EndGlobalSection
EndGlobal
